
Microsoft Visual Studio Solution File, Format Version 12.00
# Visual Studio 15
VisualStudioVersion = 15.0.28307.572
MinimumVisualStudioVersion = 10.0.40219.1
Project("{E24C65DC-7377-472B-9ABA-BC803B73C61A}") = "News-three", "News-three\", "{C9D06712-C511-41AE-8EAA-587319DC6A04}"
	ProjectSection(WebsiteProperties) = preProject
		TargetFrameworkMoniker = ".NETFramework,Version%3Dv4.6.1"
		Debug.AspNetCompiler.VirtualPath = "/localhost_61249"
		Debug.AspNetCompiler.PhysicalPath = "News-three\"
		Debug.AspNetCompiler.TargetPath = "PrecompiledWeb\localhost_61249\"
		Debug.AspNetCompiler.Updateable = "true"
		Debug.AspNetCompiler.ForceOverwrite = "true"
		Debug.AspNetCompiler.FixedNames = "false"
		Debug.AspNetCompiler.Debug = "True"
		Release.AspNetCompiler.VirtualPath = "/localhost_61249"
		Release.AspNetCompiler.PhysicalPath = "News-three\"
		Release.AspNetCompiler.TargetPath = "PrecompiledWeb\localhost_61249\"
		Release.AspNetCompiler.Updateable = "true"
		Release.AspNetCompiler.ForceOverwrite = "true"
		Release.AspNetCompiler.FixedNames = "false"
		Release.AspNetCompiler.Debug = "False"
		VWDPort = "61249"
		SlnRelativePath = "News-three\"
		DefaultWebSiteLanguage = "Visual C#"
	EndProjectSection
EndProject
Global
	GlobalSection(SolutionConfigurationPlatforms) = preSolution
		Debug|Any CPU = Debug|Any CPU
	EndGlobalSection
	GlobalSection(ProjectConfigurationPlatforms) = postSolution
		{C9D06712-C511-41AE-8EAA-587319DC6A04}.Debug|Any CPU.ActiveCfg = Debug|Any CPU
		{C9D06712-C511-41AE-8EAA-587319DC6A04}.Debug|Any CPU.Build.0 = Debug|Any CPU
	EndGlobalSection
	GlobalSection(SolutionProperties) = preSolution
		HideSolutionNode = FALSE
	EndGlobalSection
	GlobalSection(ExtensibilityGlobals) = postSolution
		SolutionGuid = {790FA36A-F853-454A-B087-E164740BCAD8}
	EndGlobalSection
EndGlobal
